// !$*UTF8*$!
{
	archiveVersion = 1;
	classes = {
	};
	objectVersion = 56;
	objects = {

/* Begin PBXBuildFile section */
		93AB4DE52922DD18001C1BAE /* MmrSearchViewController.swift in Sources */ = {isa = PBXBuildFile; fileRef = 93AB4DE42922DD18001C1BAE /* MmrSearchViewController.swift */; };
		93AB4DE72922E516001C1BAE /* LaunchViewController.swift in Sources */ = {isa = PBXBuildFile; fileRef = 93AB4DE62922E516001C1BAE /* LaunchViewController.swift */; };
		A4D70DD8410B7C22F7D2C3A3 /* Pods_VALtracker.framework in Frameworks */ = {isa = PBXBuildFile; fileRef = E36AC3F97B916E3DA382DDBD /* Pods_VALtracker.framework */; };
		D23E7DA5291CDB5B00B19E2E /* LoginViewController.swift in Sources */ = {isa = PBXBuildFile; fileRef = D23E7DA4291CDB5B00B19E2E /* LoginViewController.swift */; };
		D2DD410E28F803CE00D75D3A /* AppDelegate.swift in Sources */ = {isa = PBXBuildFile; fileRef = D2DD410D28F803CE00D75D3A /* AppDelegate.swift */; };
		D2DD411028F803CE00D75D3A /* SceneDelegate.swift in Sources */ = {isa = PBXBuildFile; fileRef = D2DD410F28F803CE00D75D3A /* SceneDelegate.swift */; };
		D2DD411228F803CE00D75D3A /* ViewController.swift in Sources */ = {isa = PBXBuildFile; fileRef = D2DD411128F803CE00D75D3A /* ViewController.swift */; };
		D2DD411528F803CE00D75D3A /* Main.storyboard in Resources */ = {isa = PBXBuildFile; fileRef = D2DD411328F803CE00D75D3A /* Main.storyboard */; };
		D2DD411728F803D400D75D3A /* Assets.xcassets in Resources */ = {isa = PBXBuildFile; fileRef = D2DD411628F803D400D75D3A /* Assets.xcassets */; };
		D2DD411A28F803D400D75D3A /* LaunchScreen.storyboard in Resources */ = {isa = PBXBuildFile; fileRef = D2DD411828F803D400D75D3A /* LaunchScreen.storyboard */; };
/* End PBXBuildFile section */

/* Begin PBXFileReference section */
		298822F413DAE40B036ED5A2 /* Pods-VALtracker.release.xcconfig */ = {isa = PBXFileReference; includeInIndex = 1; lastKnownFileType = text.xcconfig; name = "Pods-VALtracker.release.xcconfig"; path = "Target Support Files/Pods-VALtracker/Pods-VALtracker.release.xcconfig"; sourceTree = "<group>"; };
		6ADC747EE84D129DB46E628E /* Pods-VALtracker.debug.xcconfig */ = {isa = PBXFileReference; includeInIndex = 1; lastKnownFileType = text.xcconfig; name = "Pods-VALtracker.debug.xcconfig"; path = "Target Support Files/Pods-VALtracker/Pods-VALtracker.debug.xcconfig"; sourceTree = "<group>"; };
		93AB4DE42922DD18001C1BAE /* MmrSearchViewController.swift */ = {isa = PBXFileReference; lastKnownFileType = sourcecode.swift; path = MmrSearchViewController.swift; sourceTree = "<group>"; };
		93AB4DE62922E516001C1BAE /* LaunchViewController.swift */ = {isa = PBXFileReference; lastKnownFileType = sourcecode.swift; path = LaunchViewController.swift; sourceTree = "<group>"; };
		D23E7DA4291CDB5B00B19E2E /* LoginViewController.swift */ = {isa = PBXFileReference; lastKnownFileType = sourcecode.swift; path = LoginViewController.swift; sourceTree = "<group>"; };
		D2DD410A28F803CE00D75D3A /* VALtracker.app */ = {isa = PBXFileReference; explicitFileType = wrapper.application; includeInIndex = 0; path = VALtracker.app; sourceTree = BUILT_PRODUCTS_DIR; };
		D2DD410D28F803CE00D75D3A /* AppDelegate.swift */ = {isa = PBXFileReference; lastKnownFileType = sourcecode.swift; path = AppDelegate.swift; sourceTree = "<group>"; };
		D2DD410F28F803CE00D75D3A /* SceneDelegate.swift */ = {isa = PBXFileReference; lastKnownFileType = sourcecode.swift; path = SceneDelegate.swift; sourceTree = "<group>"; };
		D2DD411128F803CE00D75D3A /* ViewController.swift */ = {isa = PBXFileReference; lastKnownFileType = sourcecode.swift; path = ViewController.swift; sourceTree = "<group>"; };
		D2DD411428F803CE00D75D3A /* Base */ = {isa = PBXFileReference; lastKnownFileType = file.storyboard; name = Base; path = Base.lproj/Main.storyboard; sourceTree = "<group>"; };
		D2DD411628F803D400D75D3A /* Assets.xcassets */ = {isa = PBXFileReference; lastKnownFileType = folder.assetcatalog; path = Assets.xcassets; sourceTree = "<group>"; };
		D2DD411928F803D400D75D3A /* Base */ = {isa = PBXFileReference; lastKnownFileType = file.storyboard; name = Base; path = Base.lproj/LaunchScreen.storyboard; sourceTree = "<group>"; };
		D2DD411B28F803D400D75D3A /* Info.plist */ = {isa = PBXFileReference; lastKnownFileType = text.plist.xml; path = Info.plist; sourceTree = "<group>"; };
		E36AC3F97B916E3DA382DDBD /* Pods_VALtracker.framework */ = {isa = PBXFileReference; explicitFileType = wrapper.framework; includeInIndex = 0; path = Pods_VALtracker.framework; sourceTree = BUILT_PRODUCTS_DIR; };
/* End PBXFileReference section */

/* Begin PBXFrameworksBuildPhase section */
		D2DD410728F803CE00D75D3A /* Frameworks */ = {
			isa = PBXFrameworksBuildPhase;
			buildActionMask = 2147483647;
			files = (
				A4D70DD8410B7C22F7D2C3A3 /* Pods_VALtracker.framework in Frameworks */,
			);
			runOnlyForDeploymentPostprocessing = 0;
		};
/* End PBXFrameworksBuildPhase section */

/* Begin PBXGroup section */
		CE3EBF47560B694A24917CAA /* Pods */ = {
			isa = PBXGroup;
			children = (
				6ADC747EE84D129DB46E628E /* Pods-VALtracker.debug.xcconfig */,
				298822F413DAE40B036ED5A2 /* Pods-VALtracker.release.xcconfig */,
			);
			path = Pods;
			sourceTree = "<group>";
		};
		D2DD410128F803CE00D75D3A = {
			isa = PBXGroup;
			children = (
				D2DD410C28F803CE00D75D3A /* VALtracker */,
				D2DD410B28F803CE00D75D3A /* Products */,
				CE3EBF47560B694A24917CAA /* Pods */,
				DFCF6F5210C164A1A667AF61 /* Frameworks */,
			);
			sourceTree = "<group>";
		};
		D2DD410B28F803CE00D75D3A /* Products */ = {
			isa = PBXGroup;
			children = (
				D2DD410A28F803CE00D75D3A /* VALtracker.app */,
			);
			name = Products;
			sourceTree = "<group>";
		};
		D2DD410C28F803CE00D75D3A /* VALtracker */ = {
			isa = PBXGroup;
			children = (
				D2DD410D28F803CE00D75D3A /* AppDelegate.swift */,
				D2DD410F28F803CE00D75D3A /* SceneDelegate.swift */,
				D2DD411128F803CE00D75D3A /* ViewController.swift */,
				D2DD411328F803CE00D75D3A /* Main.storyboard */,
				D23E7DA4291CDB5B00B19E2E /* LoginViewController.swift */,
				D2DD411628F803D400D75D3A /* Assets.xcassets */,
				D2DD411828F803D400D75D3A /* LaunchScreen.storyboard */,
				D2DD411B28F803D400D75D3A /* Info.plist */,
				93AB4DE42922DD18001C1BAE /* MmrSearchViewController.swift */,
				93AB4DE62922E516001C1BAE /* LaunchViewController.swift */,
			);
			path = VALtracker;
			sourceTree = "<group>";
		};
		DFCF6F5210C164A1A667AF61 /* Frameworks */ = {
			isa = PBXGroup;
			children = (
				E36AC3F97B916E3DA382DDBD /* Pods_VALtracker.framework */,
			);
			name = Frameworks;
			sourceTree = "<group>";
		};
/* End PBXGroup section */

/* Begin PBXNativeTarget section */
		D2DD410928F803CE00D75D3A /* VALtracker */ = {
			isa = PBXNativeTarget;
			buildConfigurationList = D2DD411E28F803D400D75D3A /* Build configuration list for PBXNativeTarget "VALtracker" */;
			buildPhases = (
				C8CC237C5C58BD4904FC6188 /* [CP] Check Pods Manifest.lock */,
				D2DD410628F803CE00D75D3A /* Sources */,
				D2DD410728F803CE00D75D3A /* Frameworks */,
				D2DD410828F803CE00D75D3A /* Resources */,
				40ABCC17D5C9C919C33BC311 /* [CP] Embed Pods Frameworks */,
			);
			buildRules = (
			);
			dependencies = (
			);
			name = VALtracker;
			productName = VALtracker;
			productReference = D2DD410A28F803CE00D75D3A /* VALtracker.app */;
			productType = "com.apple.product-type.application";
		};
/* End PBXNativeTarget section */

/* Begin PBXProject section */
		D2DD410228F803CE00D75D3A /* Project object */ = {
			isa = PBXProject;
			attributes = {
				BuildIndependentTargetsInParallel = 1;
				LastSwiftUpdateCheck = 1400;
				LastUpgradeCheck = 1400;
				TargetAttributes = {
					D2DD410928F803CE00D75D3A = {
						CreatedOnToolsVersion = 14.0.1;
					};
				};
			};
			buildConfigurationList = D2DD410528F803CE00D75D3A /* Build configuration list for PBXProject "VALtracker" */;
			compatibilityVersion = "Xcode 14.0";
			developmentRegion = en;
			hasScannedForEncodings = 0;
			knownRegions = (
				en,
				Base,
			);
			mainGroup = D2DD410128F803CE00D75D3A;
			productRefGroup = D2DD410B28F803CE00D75D3A /* Products */;
			projectDirPath = "";
			projectRoot = "";
			targets = (
				D2DD410928F803CE00D75D3A /* VALtracker */,
			);
		};
/* End PBXProject section */

/* Begin PBXResourcesBuildPhase section */
		D2DD410828F803CE00D75D3A /* Resources */ = {
			isa = PBXResourcesBuildPhase;
			buildActionMask = 2147483647;
			files = (
				D2DD411A28F803D400D75D3A /* LaunchScreen.storyboard in Resources */,
				D2DD411728F803D400D75D3A /* Assets.xcassets in Resources */,
				D2DD411528F803CE00D75D3A /* Main.storyboard in Resources */,
			);
			runOnlyForDeploymentPostprocessing = 0;
		};
/* End PBXResourcesBuildPhase section */

/* Begin PBXShellScriptBuildPhase section */
		40ABCC17D5C9C919C33BC311 /* [CP] Embed Pods Frameworks */ = {
			isa = PBXShellScriptBuildPhase;
			buildActionMask = 2147483647;
			files = (
			);
			inputFileListPaths = (
				"${PODS_ROOT}/Target Support Files/Pods-VALtracker/Pods-VALtracker-frameworks-${CONFIGURATION}-input-files.xcfilelist",
			);
			name = "[CP] Embed Pods Frameworks";
			outputFileListPaths = (
				"${PODS_ROOT}/Target Support Files/Pods-VALtracker/Pods-VALtracker-frameworks-${CONFIGURATION}-output-files.xcfilelist",
			);
			runOnlyForDeploymentPostprocessing = 0;
			shellPath = /bin/sh;
			shellScript = "\"${PODS_ROOT}/Target Support Files/Pods-VALtracker/Pods-VALtracker-frameworks.sh\"\n";
			showEnvVarsInLog = 0;
		};
		C8CC237C5C58BD4904FC6188 /* [CP] Check Pods Manifest.lock */ = {
			isa = PBXShellScriptBuildPhase;
			buildActionMask = 2147483647;
			files = (
			);
			inputFileListPaths = (
			);
			inputPaths = (
				"${PODS_PODFILE_DIR_PATH}/Podfile.lock",
				"${PODS_ROOT}/Manifest.lock",
			);
			name = "[CP] Check Pods Manifest.lock";
			outputFileListPaths = (
			);
			outputPaths = (
				"$(DERIVED_FILE_DIR)/Pods-VALtracker-checkManifestLockResult.txt",
			);
			runOnlyForDeploymentPostprocessing = 0;
			shellPath = /bin/sh;
			shellScript = "diff \"${PODS_PODFILE_DIR_PATH}/Podfile.lock\" \"${PODS_ROOT}/Manifest.lock\" > /dev/null\nif [ $? != 0 ] ; then\n    # print error to STDERR\n    echo \"error: The sandbox is not in sync with the Podfile.lock. Run 'pod install' or update your CocoaPods installation.\" >&2\n    exit 1\nfi\n# This output is used by Xcode 'outputs' to avoid re-running this script phase.\necho \"SUCCESS\" > \"${SCRIPT_OUTPUT_FILE_0}\"\n";
			showEnvVarsInLog = 0;
		};
/* End PBXShellScriptBuildPhase section */

/* Begin PBXSourcesBuildPhase section */
		D2DD410628F803CE00D75D3A /* Sources */ = {
			isa = PBXSourcesBuildPhase;
			buildActionMask = 2147483647;
			files = (
				D23E7DA5291CDB5B00B19E2E /* LoginViewController.swift in Sources */,
				93AB4DE72922E516001C1BAE /* LaunchViewController.swift in Sources */,
				D2DD411228F803CE00D75D3A /* ViewController.swift in Sources */,
				D2DD410E28F803CE00D75D3A /* AppDelegate.swift in Sources */,
				D2DD411028F803CE00D75D3A /* SceneDelegate.swift in Sources */,
				93AB4DE52922DD18001C1BAE /* MmrSearchViewController.swift in Sources */,
			);
			runOnlyForDeploymentPostprocessing = 0;
		};
/* End PBXSourcesBuildPhase section */

/* Begin PBXVariantGroup section */
		D2DD411328F803CE00D75D3A /* Main.storyboard */ = {
			isa = PBXVariantGroup;
			children = (
				D2DD411428F803CE00D75D3A /* Base */,
			);
			name = Main.storyboard;
			sourceTree = "<group>";
		};
		D2DD411828F803D400D75D3A /* LaunchScreen.storyboard */ = {
			isa = PBXVariantGroup;
			children = (
				D2DD411928F803D400D75D3A /* Base */,
			);
			name = LaunchScreen.storyboard;
			sourceTree = "<group>";
		};
/* End PBXVariantGroup section */

/* Begin XCBuildConfiguration section */
		D2DD411C28F803D400D75D3A /* Debug */ = {
			isa = XCBuildConfiguration;
			buildSettings = {
				ALWAYS_SEARCH_USER_PATHS = NO;
				CLANG_ANALYZER_NONNULL = YES;
				CLANG_ANALYZER_NUMBER_OBJECT_CONVERSION = YES_AGGRESSIVE;
				CLANG_CXX_LANGUAGE_STANDARD = "gnu++20";
				CLANG_ENABLE_MODULES = YES;
				CLANG_ENABLE_OBJC_ARC = YES;
				CLANG_ENABLE_OBJC_WEAK = YES;
				CLANG_WARN_BLOCK_CAPTURE_AUTORELEASING = YES;
				CLANG_WARN_BOOL_CONVERSION = YES;
				CLANG_WARN_COMMA = YES;
				CLANG_WARN_CONSTANT_CONVERSION = YES;
				CLANG_WARN_DEPRECATED_OBJC_IMPLEMENTATIONS = YES;
				CLANG_WARN_DIRECT_OBJC_ISA_USAGE = YES_ERROR;
				CLANG_WARN_DOCUMENTATION_COMMENTS = YES;
				CLANG_WARN_EMPTY_BODY = YES;
				CLANG_WARN_ENUM_CONVERSION = YES;
				CLANG_WARN_INFINITE_RECURSION = YES;
				CLANG_WARN_INT_CONVERSION = YES;
				CLANG_WARN_NON_LITERAL_NULL_CONVERSION = YES;
				CLANG_WARN_OBJC_IMPLICIT_RETAIN_SELF = YES;
				CLANG_WARN_OBJC_LITERAL_CONVERSION = YES;
				CLANG_WARN_OBJC_ROOT_CLASS = YES_ERROR;
				CLANG_WARN_QUOTED_INCLUDE_IN_FRAMEWORK_HEADER = YES;
				CLANG_WARN_RANGE_LOOP_ANALYSIS = YES;
				CLANG_WARN_STRICT_PROTOTYPES = YES;
				CLANG_WARN_SUSPICIOUS_MOVE = YES;
				CLANG_WARN_UNGUARDED_AVAILABILITY = YES_AGGRESSIVE;
				CLANG_WARN_UNREACHABLE_CODE = YES;
				CLANG_WARN__DUPLICATE_METHOD_MATCH = YES;
				COPY_PHASE_STRIP = NO;
				DEBUG_INFORMATION_FORMAT = dwarf;
				ENABLE_STRICT_OBJC_MSGSEND = YES;
				ENABLE_TESTABILITY = YES;
				GCC_C_LANGUAGE_STANDARD = gnu11;
				GCC_DYNAMIC_NO_PIC = NO;
				GCC_NO_COMMON_BLOCKS = YES;
				GCC_OPTIMIZATION_LEVEL = 0;
				GCC_PREPROCESSOR_DEFINITIONS = (
					"DEBUG=1",
					"$(inherited)",
				);
				GCC_WARN_64_TO_32_BIT_CONVERSION = YES;
				GCC_WARN_ABOUT_RETURN_TYPE = YES_ERROR;
				GCC_WARN_UNDECLARED_SELECTOR = YES;
				GCC_WARN_UNINITIALIZED_AUTOS = YES_AGGRESSIVE;
				GCC_WARN_UNUSED_FUNCTION = YES;
				GCC_WARN_UNUSED_VARIABLE = YES;
				IPHONEOS_DEPLOYMENT_TARGET = 16.0;
				MTL_ENABLE_DEBUG_INFO = INCLUDE_SOURCE;
				MTL_FAST_MATH = YES;
				ONLY_ACTIVE_ARCH = YES;
				SDKROOT = iphoneos;
				SWIFT_ACTIVE_COMPILATION_CONDITIONS = DEBUG;
				SWIFT_OPTIMIZATION_LEVEL = "-Onone";
			};
			name = Debug;
		};
		D2DD411D28F803D400D75D3A /* Release */ = {
			isa = XCBuildConfiguration;
			buildSettings = {
				ALWAYS_SEARCH_USER_PATHS = NO;
				CLANG_ANALYZER_NONNULL = YES;
				CLANG_ANALYZER_NUMBER_OBJECT_CONVERSION = YES_AGGRESSIVE;
				CLANG_CXX_LANGUAGE_STANDARD = "gnu++20";
				CLANG_ENABLE_MODULES = YES;
				CLANG_ENABLE_OBJC_ARC = YES;
				CLANG_ENABLE_OBJC_WEAK = YES;
				CLANG_WARN_BLOCK_CAPTURE_AUTORELEASING = YES;
				CLANG_WARN_BOOL_CONVERSION = YES;
				CLANG_WARN_COMMA = YES;
				CLANG_WARN_CONSTANT_CONVERSION = YES;
				CLANG_WARN_DEPRECATED_OBJC_IMPLEMENTATIONS = YES;
				CLANG_WARN_DIRECT_OBJC_ISA_USAGE = YES_ERROR;
				CLANG_WARN_DOCUMENTATION_COMMENTS = YES;
				CLANG_WARN_EMPTY_BODY = YES;
				CLANG_WARN_ENUM_CONVERSION = YES;
				CLANG_WARN_INFINITE_RECURSION = YES;
				CLANG_WARN_INT_CONVERSION = YES;
				CLANG_WARN_NON_LITERAL_NULL_CONVERSION = YES;
				CLANG_WARN_OBJC_IMPLICIT_RETAIN_SELF = YES;
				CLANG_WARN_OBJC_LITERAL_CONVERSION = YES;
				CLANG_WARN_OBJC_ROOT_CLASS = YES_ERROR;
				CLANG_WARN_QUOTED_INCLUDE_IN_FRAMEWORK_HEADER = YES;
				CLANG_WARN_RANGE_LOOP_ANALYSIS = YES;
				CLANG_WARN_STRICT_PROTOTYPES = YES;
				CLANG_WARN_SUSPICIOUS_MOVE = YES;
				CLANG_WARN_UNGUARDED_AVAILABILITY = YES_AGGRESSIVE;
				CLANG_WARN_UNREACHABLE_CODE = YES;
				CLANG_WARN__DUPLICATE_METHOD_MATCH = YES;
				COPY_PHASE_STRIP = NO;
				DEBUG_INFORMATION_FORMAT = "dwarf-with-dsym";
				ENABLE_NS_ASSERTIONS = NO;
				ENABLE_STRICT_OBJC_MSGSEND = YES;
				GCC_C_LANGUAGE_STANDARD = gnu11;
				GCC_NO_COMMON_BLOCKS = YES;
				GCC_WARN_64_TO_32_BIT_CONVERSION = YES;
				GCC_WARN_ABOUT_RETURN_TYPE = YES_ERROR;
				GCC_WARN_UNDECLARED_SELECTOR = YES;
				GCC_WARN_UNINITIALIZED_AUTOS = YES_AGGRESSIVE;
				GCC_WARN_UNUSED_FUNCTION = YES;
				GCC_WARN_UNUSED_VARIABLE = YES;
				IPHONEOS_DEPLOYMENT_TARGET = 16.0;
				MTL_ENABLE_DEBUG_INFO = NO;
				MTL_FAST_MATH = YES;
				SDKROOT = iphoneos;
				SWIFT_COMPILATION_MODE = wholemodule;
				SWIFT_OPTIMIZATION_LEVEL = "-O";
				VALIDATE_PRODUCT = YES;
			};
			name = Release;
		};
		D2DD411F28F803D400D75D3A /* Debug */ = {
			isa = XCBuildConfiguration;
			baseConfigurationReference = 6ADC747EE84D129DB46E628E /* Pods-VALtracker.debug.xcconfig */;
			buildSettings = {
				ASSETCATALOG_COMPILER_APPICON_NAME = AppIcon;
				ASSETCATALOG_COMPILER_GLOBAL_ACCENT_COLOR_NAME = AccentColor;
				CODE_SIGN_STYLE = Automatic;
				CURRENT_PROJECT_VERSION = 1;
				DEVELOPMENT_TEAM = KG9F98DBXY;
				GENERATE_INFOPLIST_FILE = YES;
				INFOPLIST_FILE = VALtracker/Info.plist;
				INFOPLIST_KEY_UIApplicationSupportsIndirectInputEvents = YES;
				INFOPLIST_KEY_UILaunchStoryboardName = LaunchScreen;
				INFOPLIST_KEY_UIMainStoryboardFile = Main;
				INFOPLIST_KEY_UISupportedInterfaceOrientations_iPad = "UIInterfaceOrientationPortrait UIInterfaceOrientationPortraitUpsideDown UIInterfaceOrientationLandscapeLeft UIInterfaceOrientationLandscapeRight";
				INFOPLIST_KEY_UISupportedInterfaceOrientations_iPhone = "UIInterfaceOrientationPortrait UIInterfaceOrientationLandscapeLeft UIInterfaceOrientationLandscapeRight";
				LD_RUNPATH_SEARCH_PATHS = (
					"$(inherited)",
					"@executable_path/Frameworks",
				);
				MARKETING_VERSION = 1.0;
				PRODUCT_BUNDLE_IDENTIFIER = csumb.VALtracker;
				PRODUCT_NAME = "$(TARGET_NAME)";
				SWIFT_EMIT_LOC_STRINGS = YES;
				SWIFT_VERSION = 5.0;
				TARGETED_DEVICE_FAMILY = "1,2";
			};
			name = Debug;
		};
		D2DD412028F803D400D75D3A /* Release */ = {
			isa = XCBuildConfiguration;
			baseConfigurationReference = 298822F413DAE40B036ED5A2 /* Pods-VALtracker.release.xcconfig */;
			buildSettings = {
				ASSETCATALOG_COMPILER_APPICON_NAME = AppIcon;
				ASSETCATALOG_COMPILER_GLOBAL_ACCENT_COLOR_NAME = AccentColor;
				CODE_SIGN_STYLE = Automatic;
				CURRENT_PROJECT_VERSION = 1;
				DEVELOPMENT_TEAM = KG9F98DBXY;
				GENERATE_INFOPLIST_FILE = YES;
				INFOPLIST_FILE = VALtracker/Info.plist;
				INFOPLIST_KEY_UIApplicationSupportsIndirectInputEvents = YES;
				INFOPLIST_KEY_UILaunchStoryboardName = LaunchScreen;
				INFOPLIST_KEY_UIMainStoryboardFile = Main;
				INFOPLIST_KEY_UISupportedInterfaceOrientations_iPad = "UIInterfaceOrientationPortrait UIInterfaceOrientationPortraitUpsideDown UIInterfaceOrientationLandscapeLeft UIInterfaceOrientationLandscapeRight";
				INFOPLIST_KEY_UISupportedInterfaceOrientations_iPhone = "UIInterfaceOrientationPortrait UIInterfaceOrientationLandscapeLeft UIInterfaceOrientationLandscapeRight";
				LD_RUNPATH_SEARCH_PATHS = (
					"$(inherited)",
					"@executable_path/Frameworks",
				);
				MARKETING_VERSION = 1.0;
				PRODUCT_BUNDLE_IDENTIFIER = csumb.VALtracker;
				PRODUCT_NAME = "$(TARGET_NAME)";
				SWIFT_EMIT_LOC_STRINGS = YES;
				SWIFT_VERSION = 5.0;
				TARGETED_DEVICE_FAMILY = "1,2";
			};
			name = Release;
		};
/* End XCBuildConfiguration section */

/* Begin XCConfigurationList section */
		D2DD410528F803CE00D75D3A /* Build configuration list for PBXProject "VALtracker" */ = {
			isa = XCConfigurationList;
			buildConfigurations = (
				D2DD411C28F803D400D75D3A /* Debug */,
				D2DD411D28F803D400D75D3A /* Release */,
			);
			defaultConfigurationIsVisible = 0;
			defaultConfigurationName = Release;
		};
		D2DD411E28F803D400D75D3A /* Build configuration list for PBXNativeTarget "VALtracker" */ = {
			isa = XCConfigurationList;
			buildConfigurations = (
				D2DD411F28F803D400D75D3A /* Debug */,
				D2DD412028F803D400D75D3A /* Release */,
			);
			defaultConfigurationIsVisible = 0;
			defaultConfigurationName = Release;
		};
/* End XCConfigurationList section */
	};
	rootObject = D2DD410228F803CE00D75D3A /* Project object */;
}
